<?xml version="1.0" encoding="utf-8"?>
<Project ToolsVersion="4.0" xmlns="http://schemas.microsoft.com/developer/msbuild/2003">
  <ItemGroup>
    <Filter Include="Core">
      <UniqueIdentifier>{94153361-3a1f-4712-b6f8-fd5980b7fafa}</UniqueIdentifier>
    </Filter>
    <Filter Include="Session">
      <UniqueIdentifier>{cc8a1005-3556-4e7a-b6b7-2195d0f1417e}</UniqueIdentifier>
    </Filter>
    <Filter Include="Command">
      <UniqueIdentifier>{a17412e2-d3a7-47bb-b62a-ab01451f5ace}</UniqueIdentifier>
    </Filter>
    <Filter Include="Thread">
      <UniqueIdentifier>{74f0fd12-4da9-487b-8c69-bcdae99df160}</UniqueIdentifier>
    </Filter>
    <Filter Include="Utility">
      <UniqueIdentifier>{9c383b7a-4d73-41dc-920b-592902bbab91}</UniqueIdentifier>
    </Filter>
  </ItemGroup>
  <ItemGroup>
    <ClInclude Include="NetworkUdp.h">
      <Filter>Core</Filter>
    </ClInclude>
    <ClInclude Include="UdpSession.h">
      <Filter>Session</Filter>
    </ClInclude>
    <ClInclude Include="Command.h">
      <Filter>Command</Filter>
    </ClInclude>
    <ClInclude Include="..\Utility\Parser.h">
      <Filter>Utility</Filter>
    </ClInclude>
    <ClInclude Include="UdpSessionManager.h">
      <Filter>Session</Filter>
    </ClInclude>
    <ClInclude Include="UdpNetworkThread.h">
      <Filter>Thread</Filter>
    </ClInclude>
    <ClInclude Include="UdpWorkThread.h">
      <Filter>Thread</Filter>
    </ClInclude>
  </ItemGroup>
  <ItemGroup>
    <ClCompile Include="NetworkUdp.cpp">
      <Filter>Core</Filter>
    </ClCompile>
    <ClCompile Include="UdpSession.cpp">
      <Filter>Session</Filter>
    </ClCompile>
    <ClCompile Include="Command.cpp">
      <Filter>Command</Filter>
    </ClCompile>
    <ClCompile Include="UdpSessionManager.cpp">
      <Filter>Session</Filter>
    </ClCompile>
    <ClCompile Include="UdpNetworkThread.cpp">
      <Filter>Thread</Filter>
    </ClCompile>
    <ClCompile Include="UdpWorkThread.cpp">
      <Filter>Thread</Filter>
    </ClCompile>
  </ItemGroup>
</Project>