
Microsoft Visual Studio Solution File, Format Version 12.00
# Visual Studio 15
VisualStudioVersion = 15.0.27004.2008
MinimumVisualStudioVersion = 10.0.40219.1
Project("{8BC9CEB8-8B4A-11D0-8D11-00A0C91BC942}") = "NetworkAsio", "NetworkAsio\NetworkAsio.vcxproj", "{D771E399-C58B-4C6C-9DD4-B7775C9DEEF7}"
EndProject
Project("{8BC9CEB8-8B4A-11D0-8D11-00A0C91BC942}") = "DatabaseConnector", "DatabaseConnector\DatabaseConnector.vcxproj", "{0D70F2C2-2F36-478C-AC57-ED32641038D7}"
EndProject
Project("{2150E333-8FDC-42A3-9474-1A3956D46DE8}") = "Server Engine", "Server Engine", "{0A943E7A-7324-4728-B1B7-E32CAE3DF30A}"
EndProject
Project("{8BC9CEB8-8B4A-11D0-8D11-00A0C91BC942}") = "NetworkCore", "NetworkCore\NetworkCore.vcxproj", "{9135578B-E7DB-4A4B-9F69-81CD318B0B61}"
EndProject
Project("{8BC9CEB8-8B4A-11D0-8D11-00A0C91BC942}") = "TestServer", "TestServer\TestServer.vcxproj", "{DC0896C3-CAC5-4E49-950B-6E2AFC6F09F1}"
	ProjectSection(ProjectDependencies) = postProject
		{D771E399-C58B-4C6C-9DD4-B7775C9DEEF7} = {D771E399-C58B-4C6C-9DD4-B7775C9DEEF7}
		{0D70F2C2-2F36-478C-AC57-ED32641038D7} = {0D70F2C2-2F36-478C-AC57-ED32641038D7}
	EndProjectSection
EndProject
Project("{8BC9CEB8-8B4A-11D0-8D11-00A0C91BC942}") = "TestClient", "TestClient\TestClient.vcxproj", "{E894BD1A-ECD7-4A28-AB8E-AEFF2AC925D2}"
	ProjectSection(ProjectDependencies) = postProject
		{D771E399-C58B-4C6C-9DD4-B7775C9DEEF7} = {D771E399-C58B-4C6C-9DD4-B7775C9DEEF7}
		{0D70F2C2-2F36-478C-AC57-ED32641038D7} = {0D70F2C2-2F36-478C-AC57-ED32641038D7}
	EndProjectSection
EndProject
Project("{2150E333-8FDC-42A3-9474-1A3956D46DE8}") = "_Solution Items", "_Solution Items", "{849A55EE-B8E6-4FC5-93CD-E8258E4B9173}"
	ProjectSection(SolutionItems) = preProject
		..\README.txt = ..\README.txt
	EndProjectSection
EndProject
Global
	GlobalSection(SolutionConfigurationPlatforms) = preSolution
		Debug|Win32 = Debug|Win32
		Release|Win32 = Release|Win32
	EndGlobalSection
	GlobalSection(ProjectConfigurationPlatforms) = postSolution
		{D771E399-C58B-4C6C-9DD4-B7775C9DEEF7}.Debug|Win32.ActiveCfg = Debug|Win32
		{D771E399-C58B-4C6C-9DD4-B7775C9DEEF7}.Debug|Win32.Build.0 = Debug|Win32
		{D771E399-C58B-4C6C-9DD4-B7775C9DEEF7}.Release|Win32.ActiveCfg = Release|Win32
		{D771E399-C58B-4C6C-9DD4-B7775C9DEEF7}.Release|Win32.Build.0 = Release|Win32
		{0D70F2C2-2F36-478C-AC57-ED32641038D7}.Debug|Win32.ActiveCfg = Debug|Win32
		{0D70F2C2-2F36-478C-AC57-ED32641038D7}.Debug|Win32.Build.0 = Debug|Win32
		{0D70F2C2-2F36-478C-AC57-ED32641038D7}.Release|Win32.ActiveCfg = Release|Win32
		{0D70F2C2-2F36-478C-AC57-ED32641038D7}.Release|Win32.Build.0 = Release|Win32
		{9135578B-E7DB-4A4B-9F69-81CD318B0B61}.Debug|Win32.ActiveCfg = Debug|Win32
		{9135578B-E7DB-4A4B-9F69-81CD318B0B61}.Debug|Win32.Build.0 = Debug|Win32
		{9135578B-E7DB-4A4B-9F69-81CD318B0B61}.Release|Win32.ActiveCfg = Release|Win32
		{9135578B-E7DB-4A4B-9F69-81CD318B0B61}.Release|Win32.Build.0 = Release|Win32
		{DC0896C3-CAC5-4E49-950B-6E2AFC6F09F1}.Debug|Win32.ActiveCfg = Debug|Win32
		{DC0896C3-CAC5-4E49-950B-6E2AFC6F09F1}.Debug|Win32.Build.0 = Debug|Win32
		{DC0896C3-CAC5-4E49-950B-6E2AFC6F09F1}.Release|Win32.ActiveCfg = Release|Win32
		{DC0896C3-CAC5-4E49-950B-6E2AFC6F09F1}.Release|Win32.Build.0 = Release|Win32
		{E894BD1A-ECD7-4A28-AB8E-AEFF2AC925D2}.Debug|Win32.ActiveCfg = Debug|Win32
		{E894BD1A-ECD7-4A28-AB8E-AEFF2AC925D2}.Debug|Win32.Build.0 = Debug|Win32
		{E894BD1A-ECD7-4A28-AB8E-AEFF2AC925D2}.Release|Win32.ActiveCfg = Release|Win32
		{E894BD1A-ECD7-4A28-AB8E-AEFF2AC925D2}.Release|Win32.Build.0 = Release|Win32
	EndGlobalSection
	GlobalSection(SolutionProperties) = preSolution
		HideSolutionNode = FALSE
	EndGlobalSection
	GlobalSection(NestedProjects) = preSolution
		{D771E399-C58B-4C6C-9DD4-B7775C9DEEF7} = {0A943E7A-7324-4728-B1B7-E32CAE3DF30A}
		{0D70F2C2-2F36-478C-AC57-ED32641038D7} = {0A943E7A-7324-4728-B1B7-E32CAE3DF30A}
		{9135578B-E7DB-4A4B-9F69-81CD318B0B61} = {0A943E7A-7324-4728-B1B7-E32CAE3DF30A}
	EndGlobalSection
	GlobalSection(ExtensibilityGlobals) = postSolution
		SolutionGuid = {E18B8709-1352-456F-8127-563BC153BF0F}
	EndGlobalSection
EndGlobal
